
Microsoft Visual Studio Solution File, Format Version 12.00
# Visual Studio Version 17
VisualStudioVersion = 17.9.34616.47
MinimumVisualStudioVersion = 10.0.40219.1
Project("{9A19103F-16F7-4668-BE54-9A1E7A4F7556}") = "shoppingOnline", "shoppingOnline\shoppingOnline.csproj", "{D032F7B0-6E34-49A0-8EAA-98A9F5067C34}"
EndProject
Project("{FAE04EC0-301F-11D3-BF4B-00C04F79EFBC}") = "ShoppingOnline.DataAccess", "ShoppingOnline.DataAccess\ShoppingOnline.DataAccess.csproj", "{483C455F-AD4D-409B-AB92-E9AAE72ADF21}"
EndProject
Project("{FAE04EC0-301F-11D3-BF4B-00C04F79EFBC}") = "ShoppingOnline.Models", "ShoppingOnline.Models\ShoppingOnline.Models.csproj", "{1B044738-19E2-43AB-88CF-FA5851532182}"
EndProject
Project("{FAE04EC0-301F-11D3-BF4B-00C04F79EFBC}") = "ShoppingOnline.Utility", "ShoppingOnline.Utility\ShoppingOnline.Utility.csproj", "{2D1C1090-A0FA-4616-AC20-9AE6FDCE8404}"
EndProject
Global
	GlobalSection(SolutionConfigurationPlatforms) = preSolution
		Debug|Any CPU = Debug|Any CPU
		Release|Any CPU = Release|Any CPU
	EndGlobalSection
	GlobalSection(ProjectConfigurationPlatforms) = postSolution
		{D032F7B0-6E34-49A0-8EAA-98A9F5067C34}.Debug|Any CPU.ActiveCfg = Debug|Any CPU
		{D032F7B0-6E34-49A0-8EAA-98A9F5067C34}.Debug|Any CPU.Build.0 = Debug|Any CPU
		{D032F7B0-6E34-49A0-8EAA-98A9F5067C34}.Release|Any CPU.ActiveCfg = Release|Any CPU
		{D032F7B0-6E34-49A0-8EAA-98A9F5067C34}.Release|Any CPU.Build.0 = Release|Any CPU
		{483C455F-AD4D-409B-AB92-E9AAE72ADF21}.Debug|Any CPU.ActiveCfg = Debug|Any CPU
		{483C455F-AD4D-409B-AB92-E9AAE72ADF21}.Debug|Any CPU.Build.0 = Debug|Any CPU
		{483C455F-AD4D-409B-AB92-E9AAE72ADF21}.Release|Any CPU.ActiveCfg = Release|Any CPU
		{483C455F-AD4D-409B-AB92-E9AAE72ADF21}.Release|Any CPU.Build.0 = Release|Any CPU
		{1B044738-19E2-43AB-88CF-FA5851532182}.Debug|Any CPU.ActiveCfg = Debug|Any CPU
		{1B044738-19E2-43AB-88CF-FA5851532182}.Debug|Any CPU.Build.0 = Debug|Any CPU
		{1B044738-19E2-43AB-88CF-FA5851532182}.Release|Any CPU.ActiveCfg = Release|Any CPU
		{1B044738-19E2-43AB-88CF-FA5851532182}.Release|Any CPU.Build.0 = Release|Any CPU
		{2D1C1090-A0FA-4616-AC20-9AE6FDCE8404}.Debug|Any CPU.ActiveCfg = Debug|Any CPU
		{2D1C1090-A0FA-4616-AC20-9AE6FDCE8404}.Debug|Any CPU.Build.0 = Debug|Any CPU
		{2D1C1090-A0FA-4616-AC20-9AE6FDCE8404}.Release|Any CPU.ActiveCfg = Release|Any CPU
		{2D1C1090-A0FA-4616-AC20-9AE6FDCE8404}.Release|Any CPU.Build.0 = Release|Any CPU
	EndGlobalSection
	GlobalSection(SolutionProperties) = preSolution
		HideSolutionNode = FALSE
	EndGlobalSection
	GlobalSection(ExtensibilityGlobals) = postSolution
		SolutionGuid = {92C5EB89-9A57-42F6-AA78-C29C80D37404}
	EndGlobalSection
EndGlobal
